// !$*UTF8*$!
{
	archiveVersion = 1;
	classes = {
	};
	objectVersion = 55;
	objects = {

/* Begin PBXBuildFile section */
		D23D5E48290F7AFB003035E7 /* AppDelegate.swift in Sources */ = {isa = PBXBuildFile; fileRef = D23D5E47290F7AFB003035E7 /* AppDelegate.swift */; };
		D23D5E4A290F7AFB003035E7 /* SceneDelegate.swift in Sources */ = {isa = PBXBuildFile; fileRef = D23D5E49290F7AFB003035E7 /* SceneDelegate.swift */; };
		D23D5E4C290F7AFB003035E7 /* TimerViewController.swift in Sources */ = {isa = PBXBuildFile; fileRef = D23D5E4B290F7AFB003035E7 /* TimerViewController.swift */; };
		D23D5E51290F7AFD003035E7 /* Assets.xcassets in Resources */ = {isa = PBXBuildFile; fileRef = D23D5E50290F7AFD003035E7 /* Assets.xcassets */; };
		D23D5E54290F7AFD003035E7 /* LaunchScreen.storyboard in Resources */ = {isa = PBXBuildFile; fileRef = D23D5E52290F7AFD003035E7 /* LaunchScreen.storyboard */; };
		D23D5E5C290F7DA3003035E7 /* MainTabBarController.swift in Sources */ = {isa = PBXBuildFile; fileRef = D23D5E5B290F7DA3003035E7 /* MainTabBarController.swift */; };
		D23D5E5E290F7F86003035E7 /* AlarmViewController.swift in Sources */ = {isa = PBXBuildFile; fileRef = D23D5E5D290F7F86003035E7 /* AlarmViewController.swift */; };
		D23D5E60290F806B003035E7 /* WorldClockViewController.swift in Sources */ = {isa = PBXBuildFile; fileRef = D23D5E5F290F806B003035E7 /* WorldClockViewController.swift */; };
		D23D5E62290F80A5003035E7 /* StopwatchViewController.swift in Sources */ = {isa = PBXBuildFile; fileRef = D23D5E61290F80A5003035E7 /* StopwatchViewController.swift */; };
		D23D5E6429151ECC003035E7 /* AlarmTableViewCell.swift in Sources */ = {isa = PBXBuildFile; fileRef = D23D5E6329151ECC003035E7 /* AlarmTableViewCell.swift */; };
		D23D5E672916DEA5003035E7 /* UIExtensions.swift in Sources */ = {isa = PBXBuildFile; fileRef = D23D5E662916DEA5003035E7 /* UIExtensions.swift */; };
		D24078F6293BA24300FE70E7 /* StopwatchLapCell.swift in Sources */ = {isa = PBXBuildFile; fileRef = D24078F5293BA24300FE70E7 /* StopwatchLapCell.swift */; };
/* End PBXBuildFile section */

/* Begin PBXFileReference section */
		D23D5E44290F7AFB003035E7 /* Clock.app */ = {isa = PBXFileReference; explicitFileType = wrapper.application; includeInIndex = 0; path = Clock.app; sourceTree = BUILT_PRODUCTS_DIR; };
		D23D5E47290F7AFB003035E7 /* AppDelegate.swift */ = {isa = PBXFileReference; lastKnownFileType = sourcecode.swift; path = AppDelegate.swift; sourceTree = "<group>"; };
		D23D5E49290F7AFB003035E7 /* SceneDelegate.swift */ = {isa = PBXFileReference; lastKnownFileType = sourcecode.swift; path = SceneDelegate.swift; sourceTree = "<group>"; };
		D23D5E4B290F7AFB003035E7 /* TimerViewController.swift */ = {isa = PBXFileReference; lastKnownFileType = sourcecode.swift; path = TimerViewController.swift; sourceTree = "<group>"; };
		D23D5E50290F7AFD003035E7 /* Assets.xcassets */ = {isa = PBXFileReference; lastKnownFileType = folder.assetcatalog; path = Assets.xcassets; sourceTree = "<group>"; };
		D23D5E53290F7AFD003035E7 /* Base */ = {isa = PBXFileReference; lastKnownFileType = file.storyboard; name = Base; path = Base.lproj/LaunchScreen.storyboard; sourceTree = "<group>"; };
		D23D5E55290F7AFD003035E7 /* Info.plist */ = {isa = PBXFileReference; lastKnownFileType = text.plist.xml; path = Info.plist; sourceTree = "<group>"; };
		D23D5E5B290F7DA3003035E7 /* MainTabBarController.swift */ = {isa = PBXFileReference; lastKnownFileType = sourcecode.swift; path = MainTabBarController.swift; sourceTree = "<group>"; };
		D23D5E5D290F7F86003035E7 /* AlarmViewController.swift */ = {isa = PBXFileReference; lastKnownFileType = sourcecode.swift; path = AlarmViewController.swift; sourceTree = "<group>"; };
		D23D5E5F290F806B003035E7 /* WorldClockViewController.swift */ = {isa = PBXFileReference; lastKnownFileType = sourcecode.swift; path = WorldClockViewController.swift; sourceTree = "<group>"; };
		D23D5E61290F80A5003035E7 /* StopwatchViewController.swift */ = {isa = PBXFileReference; lastKnownFileType = sourcecode.swift; path = StopwatchViewController.swift; sourceTree = "<group>"; };
		D23D5E6329151ECC003035E7 /* AlarmTableViewCell.swift */ = {isa = PBXFileReference; lastKnownFileType = sourcecode.swift; path = AlarmTableViewCell.swift; sourceTree = "<group>"; };
		D23D5E662916DEA5003035E7 /* UIExtensions.swift */ = {isa = PBXFileReference; lastKnownFileType = sourcecode.swift; path = UIExtensions.swift; sourceTree = "<group>"; };
		D24078F5293BA24300FE70E7 /* StopwatchLapCell.swift */ = {isa = PBXFileReference; lastKnownFileType = sourcecode.swift; path = StopwatchLapCell.swift; sourceTree = "<group>"; };
/* End PBXFileReference section */

/* Begin PBXFrameworksBuildPhase section */
		D23D5E41290F7AFB003035E7 /* Frameworks */ = {
			isa = PBXFrameworksBuildPhase;
			buildActionMask = 2147483647;
			files = (
			);
			runOnlyForDeploymentPostprocessing = 0;
		};
/* End PBXFrameworksBuildPhase section */

/* Begin PBXGroup section */
		D23D5E3B290F7AFB003035E7 = {
			isa = PBXGroup;
			children = (
				D23D5E46290F7AFB003035E7 /* Clock */,
				D23D5E45290F7AFB003035E7 /* Products */,
			);
			sourceTree = "<group>";
		};
		D23D5E45290F7AFB003035E7 /* Products */ = {
			isa = PBXGroup;
			children = (
				D23D5E44290F7AFB003035E7 /* Clock.app */,
			);
			name = Products;
			sourceTree = "<group>";
		};
		D23D5E46290F7AFB003035E7 /* Clock */ = {
			isa = PBXGroup;
			children = (
				D23D5E5B290F7DA3003035E7 /* MainTabBarController.swift */,
				D23D5E47290F7AFB003035E7 /* AppDelegate.swift */,
				D23D5E49290F7AFB003035E7 /* SceneDelegate.swift */,
				D23D5E652916D9ED003035E7 /* Controllers */,
				D23D5E662916DEA5003035E7 /* UIExtensions.swift */,
				D23D5E50290F7AFD003035E7 /* Assets.xcassets */,
				D23D5E52290F7AFD003035E7 /* LaunchScreen.storyboard */,
				D23D5E55290F7AFD003035E7 /* Info.plist */,
			);
			path = Clock;
			sourceTree = "<group>";
		};
		D23D5E652916D9ED003035E7 /* Controllers */ = {
			isa = PBXGroup;
			children = (
				D23D5E5F290F806B003035E7 /* WorldClockViewController.swift */,
				D23D5E5D290F7F86003035E7 /* AlarmViewController.swift */,
				D23D5E6329151ECC003035E7 /* AlarmTableViewCell.swift */,
				D23D5E61290F80A5003035E7 /* StopwatchViewController.swift */,
				D24078F5293BA24300FE70E7 /* StopwatchLapCell.swift */,
				D23D5E4B290F7AFB003035E7 /* TimerViewController.swift */,
			);
			path = Controllers;
			sourceTree = "<group>";
		};
/* End PBXGroup section */

/* Begin PBXNativeTarget section */
		D23D5E43290F7AFB003035E7 /* Clock */ = {
			isa = PBXNativeTarget;
			buildConfigurationList = D23D5E58290F7AFD003035E7 /* Build configuration list for PBXNativeTarget "Clock" */;
			buildPhases = (
				D23D5E40290F7AFB003035E7 /* Sources */,
				D23D5E41290F7AFB003035E7 /* Frameworks */,
				D23D5E42290F7AFB003035E7 /* Resources */,
			);
			buildRules = (
			);
			dependencies = (
			);
			name = Clock;
			productName = Clock;
			productReference = D23D5E44290F7AFB003035E7 /* Clock.app */;
			productType = "com.apple.product-type.application";
		};
/* End PBXNativeTarget section */

/* Begin PBXProject section */
		D23D5E3C290F7AFB003035E7 /* Project object */ = {
			isa = PBXProject;
			attributes = {
				BuildIndependentTargetsInParallel = 1;
				LastSwiftUpdateCheck = 1320;
				LastUpgradeCheck = 1320;
				TargetAttributes = {
					D23D5E43290F7AFB003035E7 = {
						CreatedOnToolsVersion = 13.2.1;
					};
				};
			};
			buildConfigurationList = D23D5E3F290F7AFB003035E7 /* Build configuration list for PBXProject "Clock" */;
			compatibilityVersion = "Xcode 13.0";
			developmentRegion = en;
			hasScannedForEncodings = 0;
			knownRegions = (
				en,
				Base,
			);
			mainGroup = D23D5E3B290F7AFB003035E7;
			productRefGroup = D23D5E45290F7AFB003035E7 /* Products */;
			projectDirPath = "";
			projectRoot = "";
			targets = (
				D23D5E43290F7AFB003035E7 /* Clock */,
			);
		};
/* End PBXProject section */

/* Begin PBXResourcesBuildPhase section */
		D23D5E42290F7AFB003035E7 /* Resources */ = {
			isa = PBXResourcesBuildPhase;
			buildActionMask = 2147483647;
			files = (
				D23D5E54290F7AFD003035E7 /* LaunchScreen.storyboard in Resources */,
				D23D5E51290F7AFD003035E7 /* Assets.xcassets in Resources */,
			);
			runOnlyForDeploymentPostprocessing = 0;
		};
/* End PBXResourcesBuildPhase section */

/* Begin PBXSourcesBuildPhase section */
		D23D5E40290F7AFB003035E7 /* Sources */ = {
			isa = PBXSourcesBuildPhase;
			buildActionMask = 2147483647;
			files = (
				D23D5E60290F806B003035E7 /* WorldClockViewController.swift in Sources */,
				D23D5E5E290F7F86003035E7 /* AlarmViewController.swift in Sources */,
				D23D5E4C290F7AFB003035E7 /* TimerViewController.swift in Sources */,
				D24078F6293BA24300FE70E7 /* StopwatchLapCell.swift in Sources */,
				D23D5E672916DEA5003035E7 /* UIExtensions.swift in Sources */,
				D23D5E6429151ECC003035E7 /* AlarmTableViewCell.swift in Sources */,
				D23D5E48290F7AFB003035E7 /* AppDelegate.swift in Sources */,
				D23D5E5C290F7DA3003035E7 /* MainTabBarController.swift in Sources */,
				D23D5E62290F80A5003035E7 /* StopwatchViewController.swift in Sources */,
				D23D5E4A290F7AFB003035E7 /* SceneDelegate.swift in Sources */,
			);
			runOnlyForDeploymentPostprocessing = 0;
		};
/* End PBXSourcesBuildPhase section */

/* Begin PBXVariantGroup section */
		D23D5E52290F7AFD003035E7 /* LaunchScreen.storyboard */ = {
			isa = PBXVariantGroup;
			children = (
				D23D5E53290F7AFD003035E7 /* Base */,
			);
			name = LaunchScreen.storyboard;
			sourceTree = "<group>";
		};
/* End PBXVariantGroup section */

/* Begin XCBuildConfiguration section */
		D23D5E56290F7AFD003035E7 /* Debug */ = {
			isa = XCBuildConfiguration;
			buildSettings = {
				ALWAYS_SEARCH_USER_PATHS = NO;
				CLANG_ANALYZER_NONNULL = YES;
				CLANG_ANALYZER_NUMBER_OBJECT_CONVERSION = YES_AGGRESSIVE;
				CLANG_CXX_LANGUAGE_STANDARD = "gnu++17";
				CLANG_CXX_LIBRARY = "libc++";
				CLANG_ENABLE_MODULES = YES;
				CLANG_ENABLE_OBJC_ARC = YES;
				CLANG_ENABLE_OBJC_WEAK = YES;
				CLANG_WARN_BLOCK_CAPTURE_AUTORELEASING = YES;
				CLANG_WARN_BOOL_CONVERSION = YES;
				CLANG_WARN_COMMA = YES;
				CLANG_WARN_CONSTANT_CONVERSION = YES;
				CLANG_WARN_DEPRECATED_OBJC_IMPLEMENTATIONS = YES;
				CLANG_WARN_DIRECT_OBJC_ISA_USAGE = YES_ERROR;
				CLANG_WARN_DOCUMENTATION_COMMENTS = YES;
				CLANG_WARN_EMPTY_BODY = YES;
				CLANG_WARN_ENUM_CONVERSION = YES;
				CLANG_WARN_INFINITE_RECURSION = YES;
				CLANG_WARN_INT_CONVERSION = YES;
				CLANG_WARN_NON_LITERAL_NULL_CONVERSION = YES;
				CLANG_WARN_OBJC_IMPLICIT_RETAIN_SELF = YES;
				CLANG_WARN_OBJC_LITERAL_CONVERSION = YES;
				CLANG_WARN_OBJC_ROOT_CLASS = YES_ERROR;
				CLANG_WARN_QUOTED_INCLUDE_IN_FRAMEWORK_HEADER = YES;
				CLANG_WARN_RANGE_LOOP_ANALYSIS = YES;
				CLANG_WARN_STRICT_PROTOTYPES = YES;
				CLANG_WARN_SUSPICIOUS_MOVE = YES;
				CLANG_WARN_UNGUARDED_AVAILABILITY = YES_AGGRESSIVE;
				CLANG_WARN_UNREACHABLE_CODE = YES;
				CLANG_WARN__DUPLICATE_METHOD_MATCH = YES;
				COPY_PHASE_STRIP = NO;
				DEBUG_INFORMATION_FORMAT = dwarf;
				ENABLE_STRICT_OBJC_MSGSEND = YES;
				ENABLE_TESTABILITY = YES;
				GCC_C_LANGUAGE_STANDARD = gnu11;
				GCC_DYNAMIC_NO_PIC = NO;
				GCC_NO_COMMON_BLOCKS = YES;
				GCC_OPTIMIZATION_LEVEL = 0;
				GCC_PREPROCESSOR_DEFINITIONS = (
					"DEBUG=1",
					"$(inherited)",
				);
				GCC_WARN_64_TO_32_BIT_CONVERSION = YES;
				GCC_WARN_ABOUT_RETURN_TYPE = YES_ERROR;
				GCC_WARN_UNDECLARED_SELECTOR = YES;
				GCC_WARN_UNINITIALIZED_AUTOS = YES_AGGRESSIVE;
				GCC_WARN_UNUSED_FUNCTION = YES;
				GCC_WARN_UNUSED_VARIABLE = YES;
				IPHONEOS_DEPLOYMENT_TARGET = 15.2;
				MTL_ENABLE_DEBUG_INFO = INCLUDE_SOURCE;
				MTL_FAST_MATH = YES;
				ONLY_ACTIVE_ARCH = YES;
				SDKROOT = iphoneos;
				SWIFT_ACTIVE_COMPILATION_CONDITIONS = DEBUG;
				SWIFT_OPTIMIZATION_LEVEL = "-Onone";
			};
			name = Debug;
		};
		D23D5E57290F7AFD003035E7 /* Release */ = {
			isa = XCBuildConfiguration;
			buildSettings = {
				ALWAYS_SEARCH_USER_PATHS = NO;
				CLANG_ANALYZER_NONNULL = YES;
				CLANG_ANALYZER_NUMBER_OBJECT_CONVERSION = YES_AGGRESSIVE;
				CLANG_CXX_LANGUAGE_STANDARD = "gnu++17";
				CLANG_CXX_LIBRARY = "libc++";
				CLANG_ENABLE_MODULES = YES;
				CLANG_ENABLE_OBJC_ARC = YES;
				CLANG_ENABLE_OBJC_WEAK = YES;
				CLANG_WARN_BLOCK_CAPTURE_AUTORELEASING = YES;
				CLANG_WARN_BOOL_CONVERSION = YES;
				CLANG_WARN_COMMA = YES;
				CLANG_WARN_CONSTANT_CONVERSION = YES;
				CLANG_WARN_DEPRECATED_OBJC_IMPLEMENTATIONS = YES;
				CLANG_WARN_DIRECT_OBJC_ISA_USAGE = YES_ERROR;
				CLANG_WARN_DOCUMENTATION_COMMENTS = YES;
				CLANG_WARN_EMPTY_BODY = YES;
				CLANG_WARN_ENUM_CONVERSION = YES;
				CLANG_WARN_INFINITE_RECURSION = YES;
				CLANG_WARN_INT_CONVERSION = YES;
				CLANG_WARN_NON_LITERAL_NULL_CONVERSION = YES;
				CLANG_WARN_OBJC_IMPLICIT_RETAIN_SELF = YES;
				CLANG_WARN_OBJC_LITERAL_CONVERSION = YES;
				CLANG_WARN_OBJC_ROOT_CLASS = YES_ERROR;
				CLANG_WARN_QUOTED_INCLUDE_IN_FRAMEWORK_HEADER = YES;
				CLANG_WARN_RANGE_LOOP_ANALYSIS = YES;
				CLANG_WARN_STRICT_PROTOTYPES = YES;
				CLANG_WARN_SUSPICIOUS_MOVE = YES;
				CLANG_WARN_UNGUARDED_AVAILABILITY = YES_AGGRESSIVE;
				CLANG_WARN_UNREACHABLE_CODE = YES;
				CLANG_WARN__DUPLICATE_METHOD_MATCH = YES;
				COPY_PHASE_STRIP = NO;
				DEBUG_INFORMATION_FORMAT = "dwarf-with-dsym";
				ENABLE_NS_ASSERTIONS = NO;
				ENABLE_STRICT_OBJC_MSGSEND = YES;
				GCC_C_LANGUAGE_STANDARD = gnu11;
				GCC_NO_COMMON_BLOCKS = YES;
				GCC_WARN_64_TO_32_BIT_CONVERSION = YES;
				GCC_WARN_ABOUT_RETURN_TYPE = YES_ERROR;
				GCC_WARN_UNDECLARED_SELECTOR = YES;
				GCC_WARN_UNINITIALIZED_AUTOS = YES_AGGRESSIVE;
				GCC_WARN_UNUSED_FUNCTION = YES;
				GCC_WARN_UNUSED_VARIABLE = YES;
				IPHONEOS_DEPLOYMENT_TARGET = 15.2;
				MTL_ENABLE_DEBUG_INFO = NO;
				MTL_FAST_MATH = YES;
				SDKROOT = iphoneos;
				SWIFT_COMPILATION_MODE = wholemodule;
				SWIFT_OPTIMIZATION_LEVEL = "-O";
				VALIDATE_PRODUCT = YES;
			};
			name = Release;
		};
		D23D5E59290F7AFD003035E7 /* Debug */ = {
			isa = XCBuildConfiguration;
			buildSettings = {
				ASSETCATALOG_COMPILER_APPICON_NAME = AppIcon;
				ASSETCATALOG_COMPILER_GLOBAL_ACCENT_COLOR_NAME = AccentColor;
				CODE_SIGN_STYLE = Automatic;
				CURRENT_PROJECT_VERSION = 1;
				DEVELOPMENT_TEAM = F5L4362QVT;
				GENERATE_INFOPLIST_FILE = YES;
				INFOPLIST_FILE = Clock/Info.plist;
				INFOPLIST_KEY_UIApplicationSupportsIndirectInputEvents = YES;
				INFOPLIST_KEY_UILaunchStoryboardName = LaunchScreen;
				INFOPLIST_KEY_UIRequiresFullScreen = YES;
				INFOPLIST_KEY_UISupportedInterfaceOrientations = UIInterfaceOrientationPortrait;
				INFOPLIST_KEY_UISupportedInterfaceOrientations_iPad = UIInterfaceOrientationPortrait;
				INFOPLIST_KEY_UISupportedInterfaceOrientations_iPhone = UIInterfaceOrientationPortrait;
				INFOPLIST_KEY_UIUserInterfaceStyle = Dark;
				LD_RUNPATH_SEARCH_PATHS = (
					"$(inherited)",
					"@executable_path/Frameworks",
				);
				MARKETING_VERSION = 1.0;
				PRODUCT_BUNDLE_IDENTIFIER = marat.Clock;
				PRODUCT_NAME = "$(TARGET_NAME)";
				SWIFT_EMIT_LOC_STRINGS = YES;
				SWIFT_VERSION = 5.0;
				TARGETED_DEVICE_FAMILY = "1,2";
			};
			name = Debug;
		};
		D23D5E5A290F7AFD003035E7 /* Release */ = {
			isa = XCBuildConfiguration;
			buildSettings = {
				ASSETCATALOG_COMPILER_APPICON_NAME = AppIcon;
				ASSETCATALOG_COMPILER_GLOBAL_ACCENT_COLOR_NAME = AccentColor;
				CODE_SIGN_STYLE = Automatic;
				CURRENT_PROJECT_VERSION = 1;
				DEVELOPMENT_TEAM = F5L4362QVT;
				GENERATE_INFOPLIST_FILE = YES;
				INFOPLIST_FILE = Clock/Info.plist;
				INFOPLIST_KEY_UIApplicationSupportsIndirectInputEvents = YES;
				INFOPLIST_KEY_UILaunchStoryboardName = LaunchScreen;
				INFOPLIST_KEY_UIRequiresFullScreen = YES;
				INFOPLIST_KEY_UISupportedInterfaceOrientations = UIInterfaceOrientationPortrait;
				INFOPLIST_KEY_UISupportedInterfaceOrientations_iPad = UIInterfaceOrientationPortrait;
				INFOPLIST_KEY_UISupportedInterfaceOrientations_iPhone = UIInterfaceOrientationPortrait;
				INFOPLIST_KEY_UIUserInterfaceStyle = Dark;
				LD_RUNPATH_SEARCH_PATHS = (
					"$(inherited)",
					"@executable_path/Frameworks",
				);
				MARKETING_VERSION = 1.0;
				PRODUCT_BUNDLE_IDENTIFIER = marat.Clock;
				PRODUCT_NAME = "$(TARGET_NAME)";
				SWIFT_EMIT_LOC_STRINGS = YES;
				SWIFT_VERSION = 5.0;
				TARGETED_DEVICE_FAMILY = "1,2";
			};
			name = Release;
		};
/* End XCBuildConfiguration section */

/* Begin XCConfigurationList section */
		D23D5E3F290F7AFB003035E7 /* Build configuration list for PBXProject "Clock" */ = {
			isa = XCConfigurationList;
			buildConfigurations = (
				D23D5E56290F7AFD003035E7 /* Debug */,
				D23D5E57290F7AFD003035E7 /* Release */,
			);
			defaultConfigurationIsVisible = 0;
			defaultConfigurationName = Release;
		};
		D23D5E58290F7AFD003035E7 /* Build configuration list for PBXNativeTarget "Clock" */ = {
			isa = XCConfigurationList;
			buildConfigurations = (
				D23D5E59290F7AFD003035E7 /* Debug */,
				D23D5E5A290F7AFD003035E7 /* Release */,
			);
			defaultConfigurationIsVisible = 0;
			defaultConfigurationName = Release;
		};
/* End XCConfigurationList section */
	};
	rootObject = D23D5E3C290F7AFB003035E7 /* Project object */;
}
