// !$*UTF8*$!
{
	archiveVersion = 1;
	classes = {
	};
	objectVersion = 55;
	objects = {

/* Begin PBXBuildFile section */
		D2ED290A2965FD790051BEEB /* AppDelegate.swift in Sources */ = {isa = PBXBuildFile; fileRef = D2ED29092965FD790051BEEB /* AppDelegate.swift */; };
		D2ED290C2965FD790051BEEB /* SceneDelegate.swift in Sources */ = {isa = PBXBuildFile; fileRef = D2ED290B2965FD790051BEEB /* SceneDelegate.swift */; };
		D2ED29132965FD7E0051BEEB /* Assets.xcassets in Resources */ = {isa = PBXBuildFile; fileRef = D2ED29122965FD7E0051BEEB /* Assets.xcassets */; };
		D2ED29162965FD7E0051BEEB /* LaunchScreen.storyboard in Resources */ = {isa = PBXBuildFile; fileRef = D2ED29142965FD7E0051BEEB /* LaunchScreen.storyboard */; };
		D2ED29212965FEB40051BEEB /* AnimeTableViewController.swift in Sources */ = {isa = PBXBuildFile; fileRef = D2ED29202965FEB40051BEEB /* AnimeTableViewController.swift */; };
		D2ED2924296714EB0051BEEB /* ApiManager.swift in Sources */ = {isa = PBXBuildFile; fileRef = D2ED2923296714EB0051BEEB /* ApiManager.swift */; };
		D2ED2926296715930051BEEB /* Model.swift in Sources */ = {isa = PBXBuildFile; fileRef = D2ED2925296715930051BEEB /* Model.swift */; };
		D2ED2928296750730051BEEB /* AnimeTableViewCell.swift in Sources */ = {isa = PBXBuildFile; fileRef = D2ED2927296750730051BEEB /* AnimeTableViewCell.swift */; };
		D2ED292A2967534D0051BEEB /* UIExtensions.swift in Sources */ = {isa = PBXBuildFile; fileRef = D2ED29292967534D0051BEEB /* UIExtensions.swift */; };
/* End PBXBuildFile section */

/* Begin PBXFileReference section */
		D2ED29062965FD790051BEEB /* AnimeAPI.app */ = {isa = PBXFileReference; explicitFileType = wrapper.application; includeInIndex = 0; path = AnimeAPI.app; sourceTree = BUILT_PRODUCTS_DIR; };
		D2ED29092965FD790051BEEB /* AppDelegate.swift */ = {isa = PBXFileReference; lastKnownFileType = sourcecode.swift; path = AppDelegate.swift; sourceTree = "<group>"; };
		D2ED290B2965FD790051BEEB /* SceneDelegate.swift */ = {isa = PBXFileReference; lastKnownFileType = sourcecode.swift; path = SceneDelegate.swift; sourceTree = "<group>"; };
		D2ED29122965FD7E0051BEEB /* Assets.xcassets */ = {isa = PBXFileReference; lastKnownFileType = folder.assetcatalog; path = Assets.xcassets; sourceTree = "<group>"; };
		D2ED29152965FD7E0051BEEB /* Base */ = {isa = PBXFileReference; lastKnownFileType = file.storyboard; name = Base; path = Base.lproj/LaunchScreen.storyboard; sourceTree = "<group>"; };
		D2ED29172965FD7E0051BEEB /* Info.plist */ = {isa = PBXFileReference; lastKnownFileType = text.plist.xml; path = Info.plist; sourceTree = "<group>"; };
		D2ED29202965FEB40051BEEB /* AnimeTableViewController.swift */ = {isa = PBXFileReference; lastKnownFileType = sourcecode.swift; path = AnimeTableViewController.swift; sourceTree = "<group>"; };
		D2ED2923296714EB0051BEEB /* ApiManager.swift */ = {isa = PBXFileReference; lastKnownFileType = sourcecode.swift; path = ApiManager.swift; sourceTree = "<group>"; };
		D2ED2925296715930051BEEB /* Model.swift */ = {isa = PBXFileReference; lastKnownFileType = sourcecode.swift; path = Model.swift; sourceTree = "<group>"; };
		D2ED2927296750730051BEEB /* AnimeTableViewCell.swift */ = {isa = PBXFileReference; lastKnownFileType = sourcecode.swift; path = AnimeTableViewCell.swift; sourceTree = "<group>"; };
		D2ED29292967534D0051BEEB /* UIExtensions.swift */ = {isa = PBXFileReference; lastKnownFileType = sourcecode.swift; path = UIExtensions.swift; sourceTree = "<group>"; };
/* End PBXFileReference section */

/* Begin PBXFrameworksBuildPhase section */
		D2ED29032965FD790051BEEB /* Frameworks */ = {
			isa = PBXFrameworksBuildPhase;
			buildActionMask = 2147483647;
			files = (
			);
			runOnlyForDeploymentPostprocessing = 0;
		};
/* End PBXFrameworksBuildPhase section */

/* Begin PBXGroup section */
		D2ED28FD2965FD790051BEEB = {
			isa = PBXGroup;
			children = (
				D2ED29082965FD790051BEEB /* AnimeAPI */,
				D2ED29072965FD790051BEEB /* Products */,
			);
			sourceTree = "<group>";
		};
		D2ED29072965FD790051BEEB /* Products */ = {
			isa = PBXGroup;
			children = (
				D2ED29062965FD790051BEEB /* AnimeAPI.app */,
			);
			name = Products;
			sourceTree = "<group>";
		};
		D2ED29082965FD790051BEEB /* AnimeAPI */ = {
			isa = PBXGroup;
			children = (
				D2ED2922296714470051BEEB /* Networking */,
				D2ED291D2965FE290051BEEB /* Model */,
				D2ED291E2965FE400051BEEB /* View */,
				D2ED291F2965FE6A0051BEEB /* Controller */,
				D2ED29092965FD790051BEEB /* AppDelegate.swift */,
				D2ED290B2965FD790051BEEB /* SceneDelegate.swift */,
				D2ED29292967534D0051BEEB /* UIExtensions.swift */,
				D2ED29122965FD7E0051BEEB /* Assets.xcassets */,
				D2ED29142965FD7E0051BEEB /* LaunchScreen.storyboard */,
				D2ED29172965FD7E0051BEEB /* Info.plist */,
			);
			path = AnimeAPI;
			sourceTree = "<group>";
		};
		D2ED291D2965FE290051BEEB /* Model */ = {
			isa = PBXGroup;
			children = (
				D2ED2925296715930051BEEB /* Model.swift */,
			);
			path = Model;
			sourceTree = "<group>";
		};
		D2ED291E2965FE400051BEEB /* View */ = {
			isa = PBXGroup;
			children = (
				D2ED2927296750730051BEEB /* AnimeTableViewCell.swift */,
			);
			path = View;
			sourceTree = "<group>";
		};
		D2ED291F2965FE6A0051BEEB /* Controller */ = {
			isa = PBXGroup;
			children = (
				D2ED29202965FEB40051BEEB /* AnimeTableViewController.swift */,
			);
			path = Controller;
			sourceTree = "<group>";
		};
		D2ED2922296714470051BEEB /* Networking */ = {
			isa = PBXGroup;
			children = (
				D2ED2923296714EB0051BEEB /* ApiManager.swift */,
			);
			path = Networking;
			sourceTree = "<group>";
		};
/* End PBXGroup section */

/* Begin PBXNativeTarget section */
		D2ED29052965FD790051BEEB /* AnimeAPI */ = {
			isa = PBXNativeTarget;
			buildConfigurationList = D2ED291A2965FD7E0051BEEB /* Build configuration list for PBXNativeTarget "AnimeAPI" */;
			buildPhases = (
				D2ED29022965FD790051BEEB /* Sources */,
				D2ED29032965FD790051BEEB /* Frameworks */,
				D2ED29042965FD790051BEEB /* Resources */,
			);
			buildRules = (
			);
			dependencies = (
			);
			name = AnimeAPI;
			productName = AnimeAPI;
			productReference = D2ED29062965FD790051BEEB /* AnimeAPI.app */;
			productType = "com.apple.product-type.application";
		};
/* End PBXNativeTarget section */

/* Begin PBXProject section */
		D2ED28FE2965FD790051BEEB /* Project object */ = {
			isa = PBXProject;
			attributes = {
				BuildIndependentTargetsInParallel = 1;
				LastSwiftUpdateCheck = 1320;
				LastUpgradeCheck = 1320;
				TargetAttributes = {
					D2ED29052965FD790051BEEB = {
						CreatedOnToolsVersion = 13.2.1;
					};
				};
			};
			buildConfigurationList = D2ED29012965FD790051BEEB /* Build configuration list for PBXProject "AnimeAPI" */;
			compatibilityVersion = "Xcode 13.0";
			developmentRegion = en;
			hasScannedForEncodings = 0;
			knownRegions = (
				en,
				Base,
			);
			mainGroup = D2ED28FD2965FD790051BEEB;
			productRefGroup = D2ED29072965FD790051BEEB /* Products */;
			projectDirPath = "";
			projectRoot = "";
			targets = (
				D2ED29052965FD790051BEEB /* AnimeAPI */,
			);
		};
/* End PBXProject section */

/* Begin PBXResourcesBuildPhase section */
		D2ED29042965FD790051BEEB /* Resources */ = {
			isa = PBXResourcesBuildPhase;
			buildActionMask = 2147483647;
			files = (
				D2ED29162965FD7E0051BEEB /* LaunchScreen.storyboard in Resources */,
				D2ED29132965FD7E0051BEEB /* Assets.xcassets in Resources */,
			);
			runOnlyForDeploymentPostprocessing = 0;
		};
/* End PBXResourcesBuildPhase section */

/* Begin PBXSourcesBuildPhase section */
		D2ED29022965FD790051BEEB /* Sources */ = {
			isa = PBXSourcesBuildPhase;
			buildActionMask = 2147483647;
			files = (
				D2ED2926296715930051BEEB /* Model.swift in Sources */,
				D2ED292A2967534D0051BEEB /* UIExtensions.swift in Sources */,
				D2ED29212965FEB40051BEEB /* AnimeTableViewController.swift in Sources */,
				D2ED2928296750730051BEEB /* AnimeTableViewCell.swift in Sources */,
				D2ED290A2965FD790051BEEB /* AppDelegate.swift in Sources */,
				D2ED290C2965FD790051BEEB /* SceneDelegate.swift in Sources */,
				D2ED2924296714EB0051BEEB /* ApiManager.swift in Sources */,
			);
			runOnlyForDeploymentPostprocessing = 0;
		};
/* End PBXSourcesBuildPhase section */

/* Begin PBXVariantGroup section */
		D2ED29142965FD7E0051BEEB /* LaunchScreen.storyboard */ = {
			isa = PBXVariantGroup;
			children = (
				D2ED29152965FD7E0051BEEB /* Base */,
			);
			name = LaunchScreen.storyboard;
			sourceTree = "<group>";
		};
/* End PBXVariantGroup section */

/* Begin XCBuildConfiguration section */
		D2ED29182965FD7E0051BEEB /* Debug */ = {
			isa = XCBuildConfiguration;
			buildSettings = {
				ALWAYS_SEARCH_USER_PATHS = NO;
				CLANG_ANALYZER_NONNULL = YES;
				CLANG_ANALYZER_NUMBER_OBJECT_CONVERSION = YES_AGGRESSIVE;
				CLANG_CXX_LANGUAGE_STANDARD = "gnu++17";
				CLANG_CXX_LIBRARY = "libc++";
				CLANG_ENABLE_MODULES = YES;
				CLANG_ENABLE_OBJC_ARC = YES;
				CLANG_ENABLE_OBJC_WEAK = YES;
				CLANG_WARN_BLOCK_CAPTURE_AUTORELEASING = YES;
				CLANG_WARN_BOOL_CONVERSION = YES;
				CLANG_WARN_COMMA = YES;
				CLANG_WARN_CONSTANT_CONVERSION = YES;
				CLANG_WARN_DEPRECATED_OBJC_IMPLEMENTATIONS = YES;
				CLANG_WARN_DIRECT_OBJC_ISA_USAGE = YES_ERROR;
				CLANG_WARN_DOCUMENTATION_COMMENTS = YES;
				CLANG_WARN_EMPTY_BODY = YES;
				CLANG_WARN_ENUM_CONVERSION = YES;
				CLANG_WARN_INFINITE_RECURSION = YES;
				CLANG_WARN_INT_CONVERSION = YES;
				CLANG_WARN_NON_LITERAL_NULL_CONVERSION = YES;
				CLANG_WARN_OBJC_IMPLICIT_RETAIN_SELF = YES;
				CLANG_WARN_OBJC_LITERAL_CONVERSION = YES;
				CLANG_WARN_OBJC_ROOT_CLASS = YES_ERROR;
				CLANG_WARN_QUOTED_INCLUDE_IN_FRAMEWORK_HEADER = YES;
				CLANG_WARN_RANGE_LOOP_ANALYSIS = YES;
				CLANG_WARN_STRICT_PROTOTYPES = YES;
				CLANG_WARN_SUSPICIOUS_MOVE = YES;
				CLANG_WARN_UNGUARDED_AVAILABILITY = YES_AGGRESSIVE;
				CLANG_WARN_UNREACHABLE_CODE = YES;
				CLANG_WARN__DUPLICATE_METHOD_MATCH = YES;
				COPY_PHASE_STRIP = NO;
				DEBUG_INFORMATION_FORMAT = dwarf;
				ENABLE_STRICT_OBJC_MSGSEND = YES;
				ENABLE_TESTABILITY = YES;
				GCC_C_LANGUAGE_STANDARD = gnu11;
				GCC_DYNAMIC_NO_PIC = NO;
				GCC_NO_COMMON_BLOCKS = YES;
				GCC_OPTIMIZATION_LEVEL = 0;
				GCC_PREPROCESSOR_DEFINITIONS = (
					"DEBUG=1",
					"$(inherited)",
				);
				GCC_WARN_64_TO_32_BIT_CONVERSION = YES;
				GCC_WARN_ABOUT_RETURN_TYPE = YES_ERROR;
				GCC_WARN_UNDECLARED_SELECTOR = YES;
				GCC_WARN_UNINITIALIZED_AUTOS = YES_AGGRESSIVE;
				GCC_WARN_UNUSED_FUNCTION = YES;
				GCC_WARN_UNUSED_VARIABLE = YES;
				IPHONEOS_DEPLOYMENT_TARGET = 15.2;
				MTL_ENABLE_DEBUG_INFO = INCLUDE_SOURCE;
				MTL_FAST_MATH = YES;
				ONLY_ACTIVE_ARCH = YES;
				SDKROOT = iphoneos;
				SWIFT_ACTIVE_COMPILATION_CONDITIONS = DEBUG;
				SWIFT_OPTIMIZATION_LEVEL = "-Onone";
			};
			name = Debug;
		};
		D2ED29192965FD7E0051BEEB /* Release */ = {
			isa = XCBuildConfiguration;
			buildSettings = {
				ALWAYS_SEARCH_USER_PATHS = NO;
				CLANG_ANALYZER_NONNULL = YES;
				CLANG_ANALYZER_NUMBER_OBJECT_CONVERSION = YES_AGGRESSIVE;
				CLANG_CXX_LANGUAGE_STANDARD = "gnu++17";
				CLANG_CXX_LIBRARY = "libc++";
				CLANG_ENABLE_MODULES = YES;
				CLANG_ENABLE_OBJC_ARC = YES;
				CLANG_ENABLE_OBJC_WEAK = YES;
				CLANG_WARN_BLOCK_CAPTURE_AUTORELEASING = YES;
				CLANG_WARN_BOOL_CONVERSION = YES;
				CLANG_WARN_COMMA = YES;
				CLANG_WARN_CONSTANT_CONVERSION = YES;
				CLANG_WARN_DEPRECATED_OBJC_IMPLEMENTATIONS = YES;
				CLANG_WARN_DIRECT_OBJC_ISA_USAGE = YES_ERROR;
				CLANG_WARN_DOCUMENTATION_COMMENTS = YES;
				CLANG_WARN_EMPTY_BODY = YES;
				CLANG_WARN_ENUM_CONVERSION = YES;
				CLANG_WARN_INFINITE_RECURSION = YES;
				CLANG_WARN_INT_CONVERSION = YES;
				CLANG_WARN_NON_LITERAL_NULL_CONVERSION = YES;
				CLANG_WARN_OBJC_IMPLICIT_RETAIN_SELF = YES;
				CLANG_WARN_OBJC_LITERAL_CONVERSION = YES;
				CLANG_WARN_OBJC_ROOT_CLASS = YES_ERROR;
				CLANG_WARN_QUOTED_INCLUDE_IN_FRAMEWORK_HEADER = YES;
				CLANG_WARN_RANGE_LOOP_ANALYSIS = YES;
				CLANG_WARN_STRICT_PROTOTYPES = YES;
				CLANG_WARN_SUSPICIOUS_MOVE = YES;
				CLANG_WARN_UNGUARDED_AVAILABILITY = YES_AGGRESSIVE;
				CLANG_WARN_UNREACHABLE_CODE = YES;
				CLANG_WARN__DUPLICATE_METHOD_MATCH = YES;
				COPY_PHASE_STRIP = NO;
				DEBUG_INFORMATION_FORMAT = "dwarf-with-dsym";
				ENABLE_NS_ASSERTIONS = NO;
				ENABLE_STRICT_OBJC_MSGSEND = YES;
				GCC_C_LANGUAGE_STANDARD = gnu11;
				GCC_NO_COMMON_BLOCKS = YES;
				GCC_WARN_64_TO_32_BIT_CONVERSION = YES;
				GCC_WARN_ABOUT_RETURN_TYPE = YES_ERROR;
				GCC_WARN_UNDECLARED_SELECTOR = YES;
				GCC_WARN_UNINITIALIZED_AUTOS = YES_AGGRESSIVE;
				GCC_WARN_UNUSED_FUNCTION = YES;
				GCC_WARN_UNUSED_VARIABLE = YES;
				IPHONEOS_DEPLOYMENT_TARGET = 15.2;
				MTL_ENABLE_DEBUG_INFO = NO;
				MTL_FAST_MATH = YES;
				SDKROOT = iphoneos;
				SWIFT_COMPILATION_MODE = wholemodule;
				SWIFT_OPTIMIZATION_LEVEL = "-O";
				VALIDATE_PRODUCT = YES;
			};
			name = Release;
		};
		D2ED291B2965FD7E0051BEEB /* Debug */ = {
			isa = XCBuildConfiguration;
			buildSettings = {
				ASSETCATALOG_COMPILER_APPICON_NAME = AppIcon;
				ASSETCATALOG_COMPILER_GLOBAL_ACCENT_COLOR_NAME = AccentColor;
				CODE_SIGN_STYLE = Automatic;
				CURRENT_PROJECT_VERSION = 1;
				DEVELOPMENT_TEAM = F5L4362QVT;
				GENERATE_INFOPLIST_FILE = YES;
				INFOPLIST_FILE = AnimeAPI/Info.plist;
				INFOPLIST_KEY_UIApplicationSupportsIndirectInputEvents = YES;
				INFOPLIST_KEY_UILaunchStoryboardName = LaunchScreen;
				INFOPLIST_KEY_UISupportedInterfaceOrientations = UIInterfaceOrientationPortrait;
				INFOPLIST_KEY_UISupportedInterfaceOrientations_iPad = "UIInterfaceOrientationPortrait UIInterfaceOrientationPortraitUpsideDown UIInterfaceOrientationLandscapeLeft UIInterfaceOrientationLandscapeRight";
				INFOPLIST_KEY_UISupportedInterfaceOrientations_iPhone = "UIInterfaceOrientationPortrait UIInterfaceOrientationLandscapeLeft UIInterfaceOrientationLandscapeRight";
				LD_RUNPATH_SEARCH_PATHS = (
					"$(inherited)",
					"@executable_path/Frameworks",
				);
				MARKETING_VERSION = 1.0;
				PRODUCT_BUNDLE_IDENTIFIER = marat.AnimeAPI;
				PRODUCT_NAME = "$(TARGET_NAME)";
				SWIFT_EMIT_LOC_STRINGS = YES;
				SWIFT_VERSION = 5.0;
				TARGETED_DEVICE_FAMILY = "1,2";
			};
			name = Debug;
		};
		D2ED291C2965FD7E0051BEEB /* Release */ = {
			isa = XCBuildConfiguration;
			buildSettings = {
				ASSETCATALOG_COMPILER_APPICON_NAME = AppIcon;
				ASSETCATALOG_COMPILER_GLOBAL_ACCENT_COLOR_NAME = AccentColor;
				CODE_SIGN_STYLE = Automatic;
				CURRENT_PROJECT_VERSION = 1;
				DEVELOPMENT_TEAM = F5L4362QVT;
				GENERATE_INFOPLIST_FILE = YES;
				INFOPLIST_FILE = AnimeAPI/Info.plist;
				INFOPLIST_KEY_UIApplicationSupportsIndirectInputEvents = YES;
				INFOPLIST_KEY_UILaunchStoryboardName = LaunchScreen;
				INFOPLIST_KEY_UISupportedInterfaceOrientations = UIInterfaceOrientationPortrait;
				INFOPLIST_KEY_UISupportedInterfaceOrientations_iPad = "UIInterfaceOrientationPortrait UIInterfaceOrientationPortraitUpsideDown UIInterfaceOrientationLandscapeLeft UIInterfaceOrientationLandscapeRight";
				INFOPLIST_KEY_UISupportedInterfaceOrientations_iPhone = "UIInterfaceOrientationPortrait UIInterfaceOrientationLandscapeLeft UIInterfaceOrientationLandscapeRight";
				LD_RUNPATH_SEARCH_PATHS = (
					"$(inherited)",
					"@executable_path/Frameworks",
				);
				MARKETING_VERSION = 1.0;
				PRODUCT_BUNDLE_IDENTIFIER = marat.AnimeAPI;
				PRODUCT_NAME = "$(TARGET_NAME)";
				SWIFT_EMIT_LOC_STRINGS = YES;
				SWIFT_VERSION = 5.0;
				TARGETED_DEVICE_FAMILY = "1,2";
			};
			name = Release;
		};
/* End XCBuildConfiguration section */

/* Begin XCConfigurationList section */
		D2ED29012965FD790051BEEB /* Build configuration list for PBXProject "AnimeAPI" */ = {
			isa = XCConfigurationList;
			buildConfigurations = (
				D2ED29182965FD7E0051BEEB /* Debug */,
				D2ED29192965FD7E0051BEEB /* Release */,
			);
			defaultConfigurationIsVisible = 0;
			defaultConfigurationName = Release;
		};
		D2ED291A2965FD7E0051BEEB /* Build configuration list for PBXNativeTarget "AnimeAPI" */ = {
			isa = XCConfigurationList;
			buildConfigurations = (
				D2ED291B2965FD7E0051BEEB /* Debug */,
				D2ED291C2965FD7E0051BEEB /* Release */,
			);
			defaultConfigurationIsVisible = 0;
			defaultConfigurationName = Release;
		};
/* End XCConfigurationList section */
	};
	rootObject = D2ED28FE2965FD790051BEEB /* Project object */;
}
