// !$*UTF8*$!
{
	archiveVersion = 1;
	classes = {
	};
	objectVersion = 55;
	objects = {

/* Begin PBXBuildFile section */
		D2030F27293E91E700F7E089 /* AppDelegate.swift in Sources */ = {isa = PBXBuildFile; fileRef = D2030F26293E91E700F7E089 /* AppDelegate.swift */; };
		D2030F29293E91E700F7E089 /* SceneDelegate.swift in Sources */ = {isa = PBXBuildFile; fileRef = D2030F28293E91E700F7E089 /* SceneDelegate.swift */; };
		D2030F30293E91EB00F7E089 /* Assets.xcassets in Resources */ = {isa = PBXBuildFile; fileRef = D2030F2F293E91EB00F7E089 /* Assets.xcassets */; };
		D2030F33293E91EC00F7E089 /* LaunchScreen.storyboard in Resources */ = {isa = PBXBuildFile; fileRef = D2030F31293E91EC00F7E089 /* LaunchScreen.storyboard */; };
		D2030F3B29426FBE00F7E089 /* MainTabBarController.swift in Sources */ = {isa = PBXBuildFile; fileRef = D2030F3A29426FBE00F7E089 /* MainTabBarController.swift */; };
		D2030F3D294275A600F7E089 /* BuyViewController.swift in Sources */ = {isa = PBXBuildFile; fileRef = D2030F3C294275A600F7E089 /* BuyViewController.swift */; };
		D2030F3F294275E900F7E089 /* ForYouViewController.swift in Sources */ = {isa = PBXBuildFile; fileRef = D2030F3E294275E900F7E089 /* ForYouViewController.swift */; };
		D2030F412942760500F7E089 /* SearchViewController.swift in Sources */ = {isa = PBXBuildFile; fileRef = D2030F402942760500F7E089 /* SearchViewController.swift */; };
		D2030F432942763800F7E089 /* CartViewController.swift in Sources */ = {isa = PBXBuildFile; fileRef = D2030F422942763800F7E089 /* CartViewController.swift */; };
		D2030F46294283DA00F7E089 /* UIExtensions.swift in Sources */ = {isa = PBXBuildFile; fileRef = D2030F45294283DA00F7E089 /* UIExtensions.swift */; };
		D2030F4929433FEC00F7E089 /* Product.swift in Sources */ = {isa = PBXBuildFile; fileRef = D2030F4829433FEC00F7E089 /* Product.swift */; };
		D2030F502943544500F7E089 /* RecentlyCollectionView.swift in Sources */ = {isa = PBXBuildFile; fileRef = D2030F4F2943544500F7E089 /* RecentlyCollectionView.swift */; };
		D2030F522943557C00F7E089 /* RecentlyCollectionViewCell.swift in Sources */ = {isa = PBXBuildFile; fileRef = D2030F512943557C00F7E089 /* RecentlyCollectionViewCell.swift */; };
		D21EAAB2294DCF36002DF113 /* ProductViewController.swift in Sources */ = {isa = PBXBuildFile; fileRef = D21EAAB1294DCF36002DF113 /* ProductViewController.swift */; };
		D21EAAB429513186002DF113 /* WebViewController.swift in Sources */ = {isa = PBXBuildFile; fileRef = D21EAAB329513186002DF113 /* WebViewController.swift */; };
/* End PBXBuildFile section */

/* Begin PBXFileReference section */
		D2030F23293E91E700F7E089 /* StoreApp.app */ = {isa = PBXFileReference; explicitFileType = wrapper.application; includeInIndex = 0; path = StoreApp.app; sourceTree = BUILT_PRODUCTS_DIR; };
		D2030F26293E91E700F7E089 /* AppDelegate.swift */ = {isa = PBXFileReference; lastKnownFileType = sourcecode.swift; path = AppDelegate.swift; sourceTree = "<group>"; };
		D2030F28293E91E700F7E089 /* SceneDelegate.swift */ = {isa = PBXFileReference; lastKnownFileType = sourcecode.swift; path = SceneDelegate.swift; sourceTree = "<group>"; };
		D2030F2F293E91EB00F7E089 /* Assets.xcassets */ = {isa = PBXFileReference; lastKnownFileType = folder.assetcatalog; path = Assets.xcassets; sourceTree = "<group>"; };
		D2030F32293E91EC00F7E089 /* Base */ = {isa = PBXFileReference; lastKnownFileType = file.storyboard; name = Base; path = Base.lproj/LaunchScreen.storyboard; sourceTree = "<group>"; };
		D2030F34293E91EC00F7E089 /* Info.plist */ = {isa = PBXFileReference; lastKnownFileType = text.plist.xml; path = Info.plist; sourceTree = "<group>"; };
		D2030F3A29426FBE00F7E089 /* MainTabBarController.swift */ = {isa = PBXFileReference; lastKnownFileType = sourcecode.swift; path = MainTabBarController.swift; sourceTree = "<group>"; };
		D2030F3C294275A600F7E089 /* BuyViewController.swift */ = {isa = PBXFileReference; lastKnownFileType = sourcecode.swift; path = BuyViewController.swift; sourceTree = "<group>"; };
		D2030F3E294275E900F7E089 /* ForYouViewController.swift */ = {isa = PBXFileReference; lastKnownFileType = sourcecode.swift; path = ForYouViewController.swift; sourceTree = "<group>"; };
		D2030F402942760500F7E089 /* SearchViewController.swift */ = {isa = PBXFileReference; lastKnownFileType = sourcecode.swift; path = SearchViewController.swift; sourceTree = "<group>"; };
		D2030F422942763800F7E089 /* CartViewController.swift */ = {isa = PBXFileReference; lastKnownFileType = sourcecode.swift; path = CartViewController.swift; sourceTree = "<group>"; };
		D2030F45294283DA00F7E089 /* UIExtensions.swift */ = {isa = PBXFileReference; lastKnownFileType = sourcecode.swift; path = UIExtensions.swift; sourceTree = "<group>"; };
		D2030F4829433FEC00F7E089 /* Product.swift */ = {isa = PBXFileReference; lastKnownFileType = sourcecode.swift; path = Product.swift; sourceTree = "<group>"; };
		D2030F4F2943544500F7E089 /* RecentlyCollectionView.swift */ = {isa = PBXFileReference; lastKnownFileType = sourcecode.swift; path = RecentlyCollectionView.swift; sourceTree = "<group>"; };
		D2030F512943557C00F7E089 /* RecentlyCollectionViewCell.swift */ = {isa = PBXFileReference; lastKnownFileType = sourcecode.swift; path = RecentlyCollectionViewCell.swift; sourceTree = "<group>"; };
		D21EAAB1294DCF36002DF113 /* ProductViewController.swift */ = {isa = PBXFileReference; lastKnownFileType = sourcecode.swift; path = ProductViewController.swift; sourceTree = "<group>"; };
		D21EAAB329513186002DF113 /* WebViewController.swift */ = {isa = PBXFileReference; lastKnownFileType = sourcecode.swift; path = WebViewController.swift; sourceTree = "<group>"; };
/* End PBXFileReference section */

/* Begin PBXFrameworksBuildPhase section */
		D2030F20293E91E700F7E089 /* Frameworks */ = {
			isa = PBXFrameworksBuildPhase;
			buildActionMask = 2147483647;
			files = (
			);
			runOnlyForDeploymentPostprocessing = 0;
		};
/* End PBXFrameworksBuildPhase section */

/* Begin PBXGroup section */
		D2030F1A293E91E700F7E089 = {
			isa = PBXGroup;
			children = (
				D2030F25293E91E700F7E089 /* StoreApp */,
				D2030F24293E91E700F7E089 /* Products */,
			);
			sourceTree = "<group>";
		};
		D2030F24293E91E700F7E089 /* Products */ = {
			isa = PBXGroup;
			children = (
				D2030F23293E91E700F7E089 /* StoreApp.app */,
			);
			name = Products;
			sourceTree = "<group>";
		};
		D2030F25293E91E700F7E089 /* StoreApp */ = {
			isa = PBXGroup;
			children = (
				D2030F26293E91E700F7E089 /* AppDelegate.swift */,
				D2030F28293E91E700F7E089 /* SceneDelegate.swift */,
				D2030F4729433FB700F7E089 /* Model */,
				D2030F4C294341FA00F7E089 /* View */,
				D2030F4429427E8300F7E089 /* Controllers */,
				D2030F2F293E91EB00F7E089 /* Assets.xcassets */,
				D2030F45294283DA00F7E089 /* UIExtensions.swift */,
				D2030F31293E91EC00F7E089 /* LaunchScreen.storyboard */,
				D2030F34293E91EC00F7E089 /* Info.plist */,
			);
			path = StoreApp;
			sourceTree = "<group>";
		};
		D2030F4429427E8300F7E089 /* Controllers */ = {
			isa = PBXGroup;
			children = (
				D2030F3A29426FBE00F7E089 /* MainTabBarController.swift */,
				D2030F3C294275A600F7E089 /* BuyViewController.swift */,
				D2030F3E294275E900F7E089 /* ForYouViewController.swift */,
				D2030F402942760500F7E089 /* SearchViewController.swift */,
				D21EAAB1294DCF36002DF113 /* ProductViewController.swift */,
				D21EAAB329513186002DF113 /* WebViewController.swift */,
				D2030F422942763800F7E089 /* CartViewController.swift */,
			);
			path = Controllers;
			sourceTree = "<group>";
		};
		D2030F4729433FB700F7E089 /* Model */ = {
			isa = PBXGroup;
			children = (
				D2030F4829433FEC00F7E089 /* Product.swift */,
			);
			path = Model;
			sourceTree = "<group>";
		};
		D2030F4C294341FA00F7E089 /* View */ = {
			isa = PBXGroup;
			children = (
				D2030F4F2943544500F7E089 /* RecentlyCollectionView.swift */,
				D2030F512943557C00F7E089 /* RecentlyCollectionViewCell.swift */,
			);
			path = View;
			sourceTree = "<group>";
		};
/* End PBXGroup section */

/* Begin PBXNativeTarget section */
		D2030F22293E91E700F7E089 /* StoreApp */ = {
			isa = PBXNativeTarget;
			buildConfigurationList = D2030F37293E91EC00F7E089 /* Build configuration list for PBXNativeTarget "StoreApp" */;
			buildPhases = (
				D2030F1F293E91E700F7E089 /* Sources */,
				D2030F20293E91E700F7E089 /* Frameworks */,
				D2030F21293E91E700F7E089 /* Resources */,
			);
			buildRules = (
			);
			dependencies = (
			);
			name = StoreApp;
			productName = StoreApp;
			productReference = D2030F23293E91E700F7E089 /* StoreApp.app */;
			productType = "com.apple.product-type.application";
		};
/* End PBXNativeTarget section */

/* Begin PBXProject section */
		D2030F1B293E91E700F7E089 /* Project object */ = {
			isa = PBXProject;
			attributes = {
				BuildIndependentTargetsInParallel = 1;
				LastSwiftUpdateCheck = 1320;
				LastUpgradeCheck = 1320;
				TargetAttributes = {
					D2030F22293E91E700F7E089 = {
						CreatedOnToolsVersion = 13.2.1;
					};
				};
			};
			buildConfigurationList = D2030F1E293E91E700F7E089 /* Build configuration list for PBXProject "StoreApp" */;
			compatibilityVersion = "Xcode 13.0";
			developmentRegion = en;
			hasScannedForEncodings = 0;
			knownRegions = (
				en,
				Base,
			);
			mainGroup = D2030F1A293E91E700F7E089;
			productRefGroup = D2030F24293E91E700F7E089 /* Products */;
			projectDirPath = "";
			projectRoot = "";
			targets = (
				D2030F22293E91E700F7E089 /* StoreApp */,
			);
		};
/* End PBXProject section */

/* Begin PBXResourcesBuildPhase section */
		D2030F21293E91E700F7E089 /* Resources */ = {
			isa = PBXResourcesBuildPhase;
			buildActionMask = 2147483647;
			files = (
				D2030F33293E91EC00F7E089 /* LaunchScreen.storyboard in Resources */,
				D2030F30293E91EB00F7E089 /* Assets.xcassets in Resources */,
			);
			runOnlyForDeploymentPostprocessing = 0;
		};
/* End PBXResourcesBuildPhase section */

/* Begin PBXSourcesBuildPhase section */
		D2030F1F293E91E700F7E089 /* Sources */ = {
			isa = PBXSourcesBuildPhase;
			buildActionMask = 2147483647;
			files = (
				D2030F412942760500F7E089 /* SearchViewController.swift in Sources */,
				D2030F502943544500F7E089 /* RecentlyCollectionView.swift in Sources */,
				D2030F3D294275A600F7E089 /* BuyViewController.swift in Sources */,
				D2030F522943557C00F7E089 /* RecentlyCollectionViewCell.swift in Sources */,
				D2030F4929433FEC00F7E089 /* Product.swift in Sources */,
				D2030F3F294275E900F7E089 /* ForYouViewController.swift in Sources */,
				D21EAAB2294DCF36002DF113 /* ProductViewController.swift in Sources */,
				D2030F46294283DA00F7E089 /* UIExtensions.swift in Sources */,
				D2030F432942763800F7E089 /* CartViewController.swift in Sources */,
				D2030F27293E91E700F7E089 /* AppDelegate.swift in Sources */,
				D2030F3B29426FBE00F7E089 /* MainTabBarController.swift in Sources */,
				D21EAAB429513186002DF113 /* WebViewController.swift in Sources */,
				D2030F29293E91E700F7E089 /* SceneDelegate.swift in Sources */,
			);
			runOnlyForDeploymentPostprocessing = 0;
		};
/* End PBXSourcesBuildPhase section */

/* Begin PBXVariantGroup section */
		D2030F31293E91EC00F7E089 /* LaunchScreen.storyboard */ = {
			isa = PBXVariantGroup;
			children = (
				D2030F32293E91EC00F7E089 /* Base */,
			);
			name = LaunchScreen.storyboard;
			sourceTree = "<group>";
		};
/* End PBXVariantGroup section */

/* Begin XCBuildConfiguration section */
		D2030F35293E91EC00F7E089 /* Debug */ = {
			isa = XCBuildConfiguration;
			buildSettings = {
				ALWAYS_SEARCH_USER_PATHS = NO;
				CLANG_ANALYZER_NONNULL = YES;
				CLANG_ANALYZER_NUMBER_OBJECT_CONVERSION = YES_AGGRESSIVE;
				CLANG_CXX_LANGUAGE_STANDARD = "gnu++17";
				CLANG_CXX_LIBRARY = "libc++";
				CLANG_ENABLE_MODULES = YES;
				CLANG_ENABLE_OBJC_ARC = YES;
				CLANG_ENABLE_OBJC_WEAK = YES;
				CLANG_WARN_BLOCK_CAPTURE_AUTORELEASING = YES;
				CLANG_WARN_BOOL_CONVERSION = YES;
				CLANG_WARN_COMMA = YES;
				CLANG_WARN_CONSTANT_CONVERSION = YES;
				CLANG_WARN_DEPRECATED_OBJC_IMPLEMENTATIONS = YES;
				CLANG_WARN_DIRECT_OBJC_ISA_USAGE = YES_ERROR;
				CLANG_WARN_DOCUMENTATION_COMMENTS = YES;
				CLANG_WARN_EMPTY_BODY = YES;
				CLANG_WARN_ENUM_CONVERSION = YES;
				CLANG_WARN_INFINITE_RECURSION = YES;
				CLANG_WARN_INT_CONVERSION = YES;
				CLANG_WARN_NON_LITERAL_NULL_CONVERSION = YES;
				CLANG_WARN_OBJC_IMPLICIT_RETAIN_SELF = YES;
				CLANG_WARN_OBJC_LITERAL_CONVERSION = YES;
				CLANG_WARN_OBJC_ROOT_CLASS = YES_ERROR;
				CLANG_WARN_QUOTED_INCLUDE_IN_FRAMEWORK_HEADER = YES;
				CLANG_WARN_RANGE_LOOP_ANALYSIS = YES;
				CLANG_WARN_STRICT_PROTOTYPES = YES;
				CLANG_WARN_SUSPICIOUS_MOVE = YES;
				CLANG_WARN_UNGUARDED_AVAILABILITY = YES_AGGRESSIVE;
				CLANG_WARN_UNREACHABLE_CODE = YES;
				CLANG_WARN__DUPLICATE_METHOD_MATCH = YES;
				COPY_PHASE_STRIP = NO;
				DEBUG_INFORMATION_FORMAT = dwarf;
				ENABLE_STRICT_OBJC_MSGSEND = YES;
				ENABLE_TESTABILITY = YES;
				GCC_C_LANGUAGE_STANDARD = gnu11;
				GCC_DYNAMIC_NO_PIC = NO;
				GCC_NO_COMMON_BLOCKS = YES;
				GCC_OPTIMIZATION_LEVEL = 0;
				GCC_PREPROCESSOR_DEFINITIONS = (
					"DEBUG=1",
					"$(inherited)",
				);
				GCC_WARN_64_TO_32_BIT_CONVERSION = YES;
				GCC_WARN_ABOUT_RETURN_TYPE = YES_ERROR;
				GCC_WARN_UNDECLARED_SELECTOR = YES;
				GCC_WARN_UNINITIALIZED_AUTOS = YES_AGGRESSIVE;
				GCC_WARN_UNUSED_FUNCTION = YES;
				GCC_WARN_UNUSED_VARIABLE = YES;
				IPHONEOS_DEPLOYMENT_TARGET = 15.2;
				MTL_ENABLE_DEBUG_INFO = INCLUDE_SOURCE;
				MTL_FAST_MATH = YES;
				ONLY_ACTIVE_ARCH = YES;
				SDKROOT = iphoneos;
				SWIFT_ACTIVE_COMPILATION_CONDITIONS = DEBUG;
				SWIFT_OPTIMIZATION_LEVEL = "-Onone";
			};
			name = Debug;
		};
		D2030F36293E91EC00F7E089 /* Release */ = {
			isa = XCBuildConfiguration;
			buildSettings = {
				ALWAYS_SEARCH_USER_PATHS = NO;
				CLANG_ANALYZER_NONNULL = YES;
				CLANG_ANALYZER_NUMBER_OBJECT_CONVERSION = YES_AGGRESSIVE;
				CLANG_CXX_LANGUAGE_STANDARD = "gnu++17";
				CLANG_CXX_LIBRARY = "libc++";
				CLANG_ENABLE_MODULES = YES;
				CLANG_ENABLE_OBJC_ARC = YES;
				CLANG_ENABLE_OBJC_WEAK = YES;
				CLANG_WARN_BLOCK_CAPTURE_AUTORELEASING = YES;
				CLANG_WARN_BOOL_CONVERSION = YES;
				CLANG_WARN_COMMA = YES;
				CLANG_WARN_CONSTANT_CONVERSION = YES;
				CLANG_WARN_DEPRECATED_OBJC_IMPLEMENTATIONS = YES;
				CLANG_WARN_DIRECT_OBJC_ISA_USAGE = YES_ERROR;
				CLANG_WARN_DOCUMENTATION_COMMENTS = YES;
				CLANG_WARN_EMPTY_BODY = YES;
				CLANG_WARN_ENUM_CONVERSION = YES;
				CLANG_WARN_INFINITE_RECURSION = YES;
				CLANG_WARN_INT_CONVERSION = YES;
				CLANG_WARN_NON_LITERAL_NULL_CONVERSION = YES;
				CLANG_WARN_OBJC_IMPLICIT_RETAIN_SELF = YES;
				CLANG_WARN_OBJC_LITERAL_CONVERSION = YES;
				CLANG_WARN_OBJC_ROOT_CLASS = YES_ERROR;
				CLANG_WARN_QUOTED_INCLUDE_IN_FRAMEWORK_HEADER = YES;
				CLANG_WARN_RANGE_LOOP_ANALYSIS = YES;
				CLANG_WARN_STRICT_PROTOTYPES = YES;
				CLANG_WARN_SUSPICIOUS_MOVE = YES;
				CLANG_WARN_UNGUARDED_AVAILABILITY = YES_AGGRESSIVE;
				CLANG_WARN_UNREACHABLE_CODE = YES;
				CLANG_WARN__DUPLICATE_METHOD_MATCH = YES;
				COPY_PHASE_STRIP = NO;
				DEBUG_INFORMATION_FORMAT = "dwarf-with-dsym";
				ENABLE_NS_ASSERTIONS = NO;
				ENABLE_STRICT_OBJC_MSGSEND = YES;
				GCC_C_LANGUAGE_STANDARD = gnu11;
				GCC_NO_COMMON_BLOCKS = YES;
				GCC_WARN_64_TO_32_BIT_CONVERSION = YES;
				GCC_WARN_ABOUT_RETURN_TYPE = YES_ERROR;
				GCC_WARN_UNDECLARED_SELECTOR = YES;
				GCC_WARN_UNINITIALIZED_AUTOS = YES_AGGRESSIVE;
				GCC_WARN_UNUSED_FUNCTION = YES;
				GCC_WARN_UNUSED_VARIABLE = YES;
				IPHONEOS_DEPLOYMENT_TARGET = 15.2;
				MTL_ENABLE_DEBUG_INFO = NO;
				MTL_FAST_MATH = YES;
				SDKROOT = iphoneos;
				SWIFT_COMPILATION_MODE = wholemodule;
				SWIFT_OPTIMIZATION_LEVEL = "-O";
				VALIDATE_PRODUCT = YES;
			};
			name = Release;
		};
		D2030F38293E91EC00F7E089 /* Debug */ = {
			isa = XCBuildConfiguration;
			buildSettings = {
				ASSETCATALOG_COMPILER_APPICON_NAME = AppIcon;
				ASSETCATALOG_COMPILER_GLOBAL_ACCENT_COLOR_NAME = AccentColor;
				CODE_SIGN_STYLE = Automatic;
				CURRENT_PROJECT_VERSION = 1;
				DEVELOPMENT_TEAM = F5L4362QVT;
				GENERATE_INFOPLIST_FILE = YES;
				INFOPLIST_FILE = StoreApp/Info.plist;
				INFOPLIST_KEY_UIApplicationSupportsIndirectInputEvents = YES;
				INFOPLIST_KEY_UILaunchStoryboardName = LaunchScreen;
				INFOPLIST_KEY_UISupportedInterfaceOrientations = UIInterfaceOrientationPortrait;
				INFOPLIST_KEY_UISupportedInterfaceOrientations_iPad = UIInterfaceOrientationPortrait;
				INFOPLIST_KEY_UISupportedInterfaceOrientations_iPhone = UIInterfaceOrientationPortrait;
				IPHONEOS_DEPLOYMENT_TARGET = 15.0;
				LD_RUNPATH_SEARCH_PATHS = (
					"$(inherited)",
					"@executable_path/Frameworks",
				);
				MARKETING_VERSION = 1.0;
				PRODUCT_BUNDLE_IDENTIFIER = marat.StoreApp;
				PRODUCT_NAME = "$(TARGET_NAME)";
				SWIFT_EMIT_LOC_STRINGS = YES;
				SWIFT_VERSION = 5.0;
				TARGETED_DEVICE_FAMILY = 1;
			};
			name = Debug;
		};
		D2030F39293E91EC00F7E089 /* Release */ = {
			isa = XCBuildConfiguration;
			buildSettings = {
				ASSETCATALOG_COMPILER_APPICON_NAME = AppIcon;
				ASSETCATALOG_COMPILER_GLOBAL_ACCENT_COLOR_NAME = AccentColor;
				CODE_SIGN_STYLE = Automatic;
				CURRENT_PROJECT_VERSION = 1;
				DEVELOPMENT_TEAM = F5L4362QVT;
				GENERATE_INFOPLIST_FILE = YES;
				INFOPLIST_FILE = StoreApp/Info.plist;
				INFOPLIST_KEY_UIApplicationSupportsIndirectInputEvents = YES;
				INFOPLIST_KEY_UILaunchStoryboardName = LaunchScreen;
				INFOPLIST_KEY_UISupportedInterfaceOrientations = UIInterfaceOrientationPortrait;
				INFOPLIST_KEY_UISupportedInterfaceOrientations_iPad = UIInterfaceOrientationPortrait;
				INFOPLIST_KEY_UISupportedInterfaceOrientations_iPhone = UIInterfaceOrientationPortrait;
				IPHONEOS_DEPLOYMENT_TARGET = 15.0;
				LD_RUNPATH_SEARCH_PATHS = (
					"$(inherited)",
					"@executable_path/Frameworks",
				);
				MARKETING_VERSION = 1.0;
				PRODUCT_BUNDLE_IDENTIFIER = marat.StoreApp;
				PRODUCT_NAME = "$(TARGET_NAME)";
				SWIFT_EMIT_LOC_STRINGS = YES;
				SWIFT_VERSION = 5.0;
				TARGETED_DEVICE_FAMILY = 1;
			};
			name = Release;
		};
/* End XCBuildConfiguration section */

/* Begin XCConfigurationList section */
		D2030F1E293E91E700F7E089 /* Build configuration list for PBXProject "StoreApp" */ = {
			isa = XCConfigurationList;
			buildConfigurations = (
				D2030F35293E91EC00F7E089 /* Debug */,
				D2030F36293E91EC00F7E089 /* Release */,
			);
			defaultConfigurationIsVisible = 0;
			defaultConfigurationName = Release;
		};
		D2030F37293E91EC00F7E089 /* Build configuration list for PBXNativeTarget "StoreApp" */ = {
			isa = XCConfigurationList;
			buildConfigurations = (
				D2030F38293E91EC00F7E089 /* Debug */,
				D2030F39293E91EC00F7E089 /* Release */,
			);
			defaultConfigurationIsVisible = 0;
			defaultConfigurationName = Release;
		};
/* End XCConfigurationList section */
	};
	rootObject = D2030F1B293E91E700F7E089 /* Project object */;
}
